{
    "_meta": {
        "hash": {
            "sha256": "a4a716b3faf94f4049cb90c8706727cd94ed0f6500b64fad70fc45616a90d31c"
        },
        "pipfile-spec": 6,
        "requires": {
            "python_version": "3.7"
        },
        "sources": [
            {
                "name": "pypi",
                "url": "https://pypi.org/simple",
                "verify_ssl": true
            }
        ]
    },
    "default": {
        "dataclass": {
            "hashes": [
                "sha256:e30715679c798b2ea2be0027f0b0306a6a4f678017f08faac903d899cf4da4bc",
                "sha256:ea6b7de4b8bde996ba14c45519a1e5a73a25a928420f2eb2d5f1442aff8c0d04"
            ],
            "index": "pypi",
            "version": "==0.0"
        },
        "dataclasses": {
            "hashes": [
                "sha256:454a69d788c7fda44efd71e259be79577822f5e3f53f029a22d08004e951dc9f",
                "sha256:6988bd2b895eef432d562370bb707d540f32f7360ab13da45340101bc2307d84"
            ],
            "index": "pypi",
            "version": "==0.6"
        }
    },
    "develop": {}
}
